
Microsoft Visual Studio Solution File, Format Version 12.00
# Visual Studio Version 16
VisualStudioVersion = 16.0.29509.3
MinimumVisualStudioVersion = 10.0.40219.1
Project("{FAE04EC0-301F-11D3-BF4B-00C04F79EFBC}") = "KutterJordanBossenForm", "KutterJordanBossenForm\KutterJordanBossenForm.csproj", "{DA1DC52C-1FFC-4BFC-9A26-A7E84004CF8C}"
EndProject
Project("{2150E333-8FDC-42A3-9474-1A3956D46DE8}") = "UnmanagedAssembly", "UnmanagedAssembly", "{CEAE8D60-13E6-4B8D-B13E-084C6EA0C589}"
EndProject
Global
	GlobalSection(SolutionConfigurationPlatforms) = preSolution
		Debug|Any CPU = Debug|Any CPU
		Release|Any CPU = Release|Any CPU
	EndGlobalSection
	GlobalSection(ProjectConfigurationPlatforms) = postSolution
		{DA1DC52C-1FFC-4BFC-9A26-A7E84004CF8C}.Debug|Any CPU.ActiveCfg = Debug|Any CPU
		{DA1DC52C-1FFC-4BFC-9A26-A7E84004CF8C}.Debug|Any CPU.Build.0 = Debug|Any CPU
		{DA1DC52C-1FFC-4BFC-9A26-A7E84004CF8C}.Release|Any CPU.ActiveCfg = Release|Any CPU
		{DA1DC52C-1FFC-4BFC-9A26-A7E84004CF8C}.Release|Any CPU.Build.0 = Release|Any CPU
	EndGlobalSection
	GlobalSection(SolutionProperties) = preSolution
		HideSolutionNode = FALSE
	EndGlobalSection
	GlobalSection(ExtensibilityGlobals) = postSolution
		SolutionGuid = {0ECDCCF4-7E65-4C3F-8618-10ACF964216B}
	EndGlobalSection
EndGlobal
